// !$*UTF8*$!
{
	archiveVersion = 1;
	classes = {
	};
	objectVersion = 77;
	objects = {

/* Begin PBXBuildFile section */
		0713AE1F2DA30745005F9E07 /* XCTest.framework in Frameworks */ = {isa = PBXBuildFile; fileRef = 0713AE122DA30523005F9E07 /* XCTest.framework */; platformFilter = ios; };
		0713AE202DA30745005F9E07 /* XCTest.framework in Embed Frameworks */ = {isa = PBXBuildFile; fileRef = 0713AE122DA30523005F9E07 /* XCTest.framework */; platformFilter = ios; settings = {ATTRIBUTES = (CodeSignOnCopy, RemoveHeadersOnCopy, ); }; };
		0713AE222DA3074E005F9E07 /* XCTest.framework in Frameworks */ = {isa = PBXBuildFile; fileRef = 0713AE122DA30523005F9E07 /* XCTest.framework */; platformFilter = ios; };
		0713AE232DA3074E005F9E07 /* XCTest.framework in Embed Frameworks */ = {isa = PBXBuildFile; fileRef = 0713AE122DA30523005F9E07 /* XCTest.framework */; platformFilter = ios; settings = {ATTRIBUTES = (CodeSignOnCopy, RemoveHeadersOnCopy, ); }; };
/* End PBXBuildFile section */

/* Begin PBXContainerItemProxy section */
		0713ACC02DA29292005F9E07 /* PBXContainerItemProxy */ = {
			isa = PBXContainerItemProxy;
			containerPortal = 0713ACA52DA29289005F9E07 /* Project object */;
			proxyType = 1;
			remoteGlobalIDString = 0713ACAC2DA29289005F9E07;
			remoteInfo = TimeToSkill;
		};
		0713ACCA2DA29292005F9E07 /* PBXContainerItemProxy */ = {
			isa = PBXContainerItemProxy;
			containerPortal = 0713ACA52DA29289005F9E07 /* Project object */;
			proxyType = 1;
			remoteGlobalIDString = 0713ACAC2DA29289005F9E07;
			remoteInfo = TimeToSkill;
		};
/* End PBXContainerItemProxy section */

/* Begin PBXCopyFilesBuildPhase section */
		0713AE212DA30745005F9E07 /* Embed Frameworks */ = {
			isa = PBXCopyFilesBuildPhase;
			buildActionMask = 2147483647;
			dstPath = "";
			dstSubfolderSpec = 10;
			files = (
				0713AE202DA30745005F9E07 /* XCTest.framework in Embed Frameworks */,
			);
			name = "Embed Frameworks";
			runOnlyForDeploymentPostprocessing = 0;
		};
		0713AE242DA3074E005F9E07 /* Embed Frameworks */ = {
			isa = PBXCopyFilesBuildPhase;
			buildActionMask = 2147483647;
			dstPath = "";
			dstSubfolderSpec = 10;
			files = (
				0713AE232DA3074E005F9E07 /* XCTest.framework in Embed Frameworks */,
			);
			name = "Embed Frameworks";
			runOnlyForDeploymentPostprocessing = 0;
		};
		0713AE272DA3077B005F9E07 /* Embed Frameworks */ = {
			isa = PBXCopyFilesBuildPhase;
			buildActionMask = 2147483647;
			dstPath = "";
			dstSubfolderSpec = 10;
			files = (
			);
			name = "Embed Frameworks";
			runOnlyForDeploymentPostprocessing = 0;
		};
/* End PBXCopyFilesBuildPhase section */

/* Begin PBXFileReference section */
		0713AD612DA2FF64005F9E07 /* TimeToSkill.app */ = {isa = PBXFileReference; explicitFileType = wrapper.application; includeInIndex = 0; path = TimeToSkill.app; sourceTree = BUILT_PRODUCTS_DIR; };
		0713AD622DA2FF64005F9E07 /* TimeToSkillTests.xctest */ = {isa = PBXFileReference; explicitFileType = wrapper.cfbundle; includeInIndex = 0; path = TimeToSkillTests.xctest; sourceTree = BUILT_PRODUCTS_DIR; };
		0713AD632DA2FF64005F9E07 /* TimeToSkillUITests.xctest */ = {isa = PBXFileReference; explicitFileType = wrapper.cfbundle; includeInIndex = 0; path = TimeToSkillUITests.xctest; sourceTree = BUILT_PRODUCTS_DIR; };
		0713AE122DA30523005F9E07 /* XCTest.framework */ = {isa = PBXFileReference; lastKnownFileType = wrapper.framework; name = XCTest.framework; path = Platforms/iPhoneOS.platform/Developer/Library/Frameworks/XCTest.framework; sourceTree = DEVELOPER_DIR; };
/* End PBXFileReference section */

/* Begin PBXFileSystemSynchronizedBuildFileExceptionSet section */
		0713AE2B2DA314DA005F9E07 /* Exceptions for "TimeToSkill" folder in "TimeToSkill" target */ = {
			isa = PBXFileSystemSynchronizedBuildFileExceptionSet;
			membershipExceptions = (
				Tests/TimeToSkillTests/SkillTests.swift,
				Tests/TimeToSkillUITests/StartViewUITests.swift,
				Tests/TimeToSkillUITests/TimeToSkillUITestsLaunchTests.swift,
			);
			target = 0713ACAC2DA29289005F9E07 /* TimeToSkill */;
		};
		0713AE2C2DA314DA005F9E07 /* Exceptions for "TimeToSkill" folder in "TimeToSkillTests" target */ = {
			isa = PBXFileSystemSynchronizedBuildFileExceptionSet;
			membershipExceptions = (
				Tests/TimeToSkillTests/SkillTests.swift,
			);
			target = 0713ACBE2DA29292005F9E07 /* TimeToSkillTests */;
		};
		0713AE2E2DA3161E005F9E07 /* Exceptions for "TimeToSkill" folder in "TimeToSkillUITests" target */ = {
			isa = PBXFileSystemSynchronizedBuildFileExceptionSet;
			membershipExceptions = (
				Tests/TimeToSkillUITests/StartViewUITests.swift,
				Tests/TimeToSkillUITests/TimeToSkillUITestsLaunchTests.swift,
			);
			target = 0713ACC82DA29292005F9E07 /* TimeToSkillUITests */;
		};
/* End PBXFileSystemSynchronizedBuildFileExceptionSet section */

/* Begin PBXFileSystemSynchronizedRootGroup section */
		0713ACAF2DA29289005F9E07 /* TimeToSkill */ = {
			isa = PBXFileSystemSynchronizedRootGroup;
			exceptions = (
				0713AE2B2DA314DA005F9E07 /* Exceptions for "TimeToSkill" folder in "TimeToSkill" target */,
				0713AE2C2DA314DA005F9E07 /* Exceptions for "TimeToSkill" folder in "TimeToSkillTests" target */,
				0713AE2E2DA3161E005F9E07 /* Exceptions for "TimeToSkill" folder in "TimeToSkillUITests" target */,
			);
			path = TimeToSkill;
			sourceTree = "<group>";
		};
/* End PBXFileSystemSynchronizedRootGroup section */

/* Begin PBXFrameworksBuildPhase section */
		0713ACAA2DA29289005F9E07 /* Frameworks */ = {
			isa = PBXFrameworksBuildPhase;
			buildActionMask = 2147483647;
			files = (
			);
			runOnlyForDeploymentPostprocessing = 0;
		};
		0713ACBC2DA29292005F9E07 /* Frameworks */ = {
			isa = PBXFrameworksBuildPhase;
			buildActionMask = 2147483647;
			files = (
				0713AE222DA3074E005F9E07 /* XCTest.framework in Frameworks */,
			);
			runOnlyForDeploymentPostprocessing = 0;
		};
		0713ACC62DA29292005F9E07 /* Frameworks */ = {
			isa = PBXFrameworksBuildPhase;
			buildActionMask = 2147483647;
			files = (
				0713AE1F2DA30745005F9E07 /* XCTest.framework in Frameworks */,
			);
			runOnlyForDeploymentPostprocessing = 0;
		};
/* End PBXFrameworksBuildPhase section */

/* Begin PBXGroup section */
		0713ACA42DA29289005F9E07 = {
			isa = PBXGroup;
			children = (
				0713ACAF2DA29289005F9E07 /* TimeToSkill */,
				0713AD612DA2FF64005F9E07 /* TimeToSkill.app */,
				0713AD622DA2FF64005F9E07 /* TimeToSkillTests.xctest */,
				0713AD632DA2FF64005F9E07 /* TimeToSkillUITests.xctest */,
				0713AE112DA30523005F9E07 /* Frameworks */,
			);
			sourceTree = "<group>";
		};
		0713AE112DA30523005F9E07 /* Frameworks */ = {
			isa = PBXGroup;
			children = (
				0713AE122DA30523005F9E07 /* XCTest.framework */,
			);
			name = Frameworks;
			sourceTree = "<group>";
		};
/* End PBXGroup section */

/* Begin PBXNativeTarget section */
		0713ACAC2DA29289005F9E07 /* TimeToSkill */ = {
			isa = PBXNativeTarget;
			buildConfigurationList = 0713ACD32DA29292005F9E07 /* Build configuration list for PBXNativeTarget "TimeToSkill" */;
			buildPhases = (
				0713ACA92DA29289005F9E07 /* Sources */,
				0713ACAA2DA29289005F9E07 /* Frameworks */,
				0713ACAB2DA29289005F9E07 /* Resources */,
				0713AE272DA3077B005F9E07 /* Embed Frameworks */,
			);
			buildRules = (
			);
			dependencies = (
			);
			fileSystemSynchronizedGroups = (
				0713ACAF2DA29289005F9E07 /* TimeToSkill */,
			);
			name = TimeToSkill;
			packageProductDependencies = (
			);
			productName = TimeToSkill;
			productReference = 0713AD612DA2FF64005F9E07 /* TimeToSkill.app */;
			productType = "com.apple.product-type.application";
		};
		0713ACBE2DA29292005F9E07 /* TimeToSkillTests */ = {
			isa = PBXNativeTarget;
			buildConfigurationList = 0713ACD62DA29292005F9E07 /* Build configuration list for PBXNativeTarget "TimeToSkillTests" */;
			buildPhases = (
				0713ACBB2DA29292005F9E07 /* Sources */,
				0713ACBC2DA29292005F9E07 /* Frameworks */,
				0713ACBD2DA29292005F9E07 /* Resources */,
				0713AE242DA3074E005F9E07 /* Embed Frameworks */,
			);
			buildRules = (
			);
			dependencies = (
				0713ACC12DA29292005F9E07 /* PBXTargetDependency */,
			);
			name = TimeToSkillTests;
			packageProductDependencies = (
			);
			productName = TimeToSkillTests;
			productReference = 0713AD622DA2FF64005F9E07 /* TimeToSkillTests.xctest */;
			productType = "com.apple.product-type.bundle.unit-test";
		};
		0713ACC82DA29292005F9E07 /* TimeToSkillUITests */ = {
			isa = PBXNativeTarget;
			buildConfigurationList = 0713ACD92DA29292005F9E07 /* Build configuration list for PBXNativeTarget "TimeToSkillUITests" */;
			buildPhases = (
				0713ACC52DA29292005F9E07 /* Sources */,
				0713ACC62DA29292005F9E07 /* Frameworks */,
				0713ACC72DA29292005F9E07 /* Resources */,
				0713AE212DA30745005F9E07 /* Embed Frameworks */,
			);
			buildRules = (
			);
			dependencies = (
				0713ACCB2DA29292005F9E07 /* PBXTargetDependency */,
			);
			name = TimeToSkillUITests;
			packageProductDependencies = (
			);
			productName = TimeToSkillUITests;
			productReference = 0713AD632DA2FF64005F9E07 /* TimeToSkillUITests.xctest */;
			productType = "com.apple.product-type.bundle.ui-testing";
		};
/* End PBXNativeTarget section */

/* Begin PBXProject section */
		0713ACA52DA29289005F9E07 /* Project object */ = {
			isa = PBXProject;
			attributes = {
				BuildIndependentTargetsInParallel = YES;
				LastSwiftUpdateCheck = 1620;
				LastUpgradeCheck = 1630;
				TargetAttributes = {
					0713ACAC2DA29289005F9E07 = {
						CreatedOnToolsVersion = 16.2;
					};
					0713ACBE2DA29292005F9E07 = {
						CreatedOnToolsVersion = 16.2;
						TestTargetID = 0713ACAC2DA29289005F9E07;
					};
					0713ACC82DA29292005F9E07 = {
						CreatedOnToolsVersion = 16.2;
						TestTargetID = 0713ACAC2DA29289005F9E07;
					};
				};
			};
			buildConfigurationList = 0713ACA82DA29289005F9E07 /* Build configuration list for PBXProject "TimeToSkill" */;
			developmentRegion = en;
			hasScannedForEncodings = 0;
			knownRegions = (
				en,
				pl,
				cs,
				ar,
				de,
				he,
				el,
				"zh-Hans",
				ja,
				"en-CA",
				uk,
				nb,
				"en-GB",
				es,
				da,
				"es-419",
				it,
				sk,
				"fr-CA",
				ms,
				sv,
				ko,
				"zh-Hant",
				hu,
				"en-AU",
				tr,
				"pt-BR",
				vi,
				ru,
				fr,
				fi,
				id,
				nl,
				th,
				"pt-PT",
				ro,
				hr,
				hi,
				ca,
				"en-IN",
			);
			mainGroup = 0713ACA42DA29289005F9E07;
			minimizedProjectReferenceProxies = 1;
			preferredProjectObjectVersion = 77;
			productRefGroup = 0713ACA42DA29289005F9E07;
			projectDirPath = "";
			projectRoot = "";
			targets = (
				0713ACAC2DA29289005F9E07 /* TimeToSkill */,
				0713ACBE2DA29292005F9E07 /* TimeToSkillTests */,
				0713ACC82DA29292005F9E07 /* TimeToSkillUITests */,
			);
		};
/* End PBXProject section */

/* Begin PBXResourcesBuildPhase section */
		0713ACAB2DA29289005F9E07 /* Resources */ = {
			isa = PBXResourcesBuildPhase;
			buildActionMask = 2147483647;
			files = (
			);
			runOnlyForDeploymentPostprocessing = 0;
		};
		0713ACBD2DA29292005F9E07 /* Resources */ = {
			isa = PBXResourcesBuildPhase;
			buildActionMask = 2147483647;
			files = (
			);
			runOnlyForDeploymentPostprocessing = 0;
		};
		0713ACC72DA29292005F9E07 /* Resources */ = {
			isa = PBXResourcesBuildPhase;
			buildActionMask = 2147483647;
			files = (
			);
			runOnlyForDeploymentPostprocessing = 0;
		};
/* End PBXResourcesBuildPhase section */

/* Begin PBXSourcesBuildPhase section */
		0713ACA92DA29289005F9E07 /* Sources */ = {
			isa = PBXSourcesBuildPhase;
			buildActionMask = 2147483647;
			files = (
			);
			runOnlyForDeploymentPostprocessing = 0;
		};
		0713ACBB2DA29292005F9E07 /* Sources */ = {
			isa = PBXSourcesBuildPhase;
			buildActionMask = 2147483647;
			files = (
			);
			runOnlyForDeploymentPostprocessing = 0;
		};
		0713ACC52DA29292005F9E07 /* Sources */ = {
			isa = PBXSourcesBuildPhase;
			buildActionMask = 2147483647;
			files = (
			);
			runOnlyForDeploymentPostprocessing = 0;
		};
/* End PBXSourcesBuildPhase section */

/* Begin PBXTargetDependency section */
		0713ACC12DA29292005F9E07 /* PBXTargetDependency */ = {
			isa = PBXTargetDependency;
			target = 0713ACAC2DA29289005F9E07 /* TimeToSkill */;
			targetProxy = 0713ACC02DA29292005F9E07 /* PBXContainerItemProxy */;
		};
		0713ACCB2DA29292005F9E07 /* PBXTargetDependency */ = {
			isa = PBXTargetDependency;
			target = 0713ACAC2DA29289005F9E07 /* TimeToSkill */;
			targetProxy = 0713ACCA2DA29292005F9E07 /* PBXContainerItemProxy */;
		};
/* End PBXTargetDependency section */

/* Begin XCBuildConfiguration section */
		0713ACD12DA29292005F9E07 /* Debug */ = {
			isa = XCBuildConfiguration;
			buildSettings = {
				ALWAYS_SEARCH_USER_PATHS = NO;
				ASSETCATALOG_COMPILER_GENERATE_SWIFT_ASSET_SYMBOL_EXTENSIONS = YES;
				CLANG_ANALYZER_LOCALIZABILITY_NONLOCALIZED = YES;
				CLANG_ANALYZER_NONNULL = YES;
				CLANG_ANALYZER_NUMBER_OBJECT_CONVERSION = YES_AGGRESSIVE;
				CLANG_CXX_LANGUAGE_STANDARD = "gnu++20";
				CLANG_ENABLE_MODULES = YES;
				CLANG_ENABLE_OBJC_ARC = YES;
				CLANG_ENABLE_OBJC_WEAK = YES;
				CLANG_WARN_BLOCK_CAPTURE_AUTORELEASING = YES;
				CLANG_WARN_BOOL_CONVERSION = YES;
				CLANG_WARN_COMMA = YES;
				CLANG_WARN_CONSTANT_CONVERSION = YES;
				CLANG_WARN_DEPRECATED_OBJC_IMPLEMENTATIONS = YES;
				CLANG_WARN_DIRECT_OBJC_ISA_USAGE = YES_ERROR;
				CLANG_WARN_DOCUMENTATION_COMMENTS = YES;
				CLANG_WARN_EMPTY_BODY = YES;
				CLANG_WARN_ENUM_CONVERSION = YES;
				CLANG_WARN_INFINITE_RECURSION = YES;
				CLANG_WARN_INT_CONVERSION = YES;
				CLANG_WARN_NON_LITERAL_NULL_CONVERSION = YES;
				CLANG_WARN_OBJC_IMPLICIT_RETAIN_SELF = YES;
				CLANG_WARN_OBJC_LITERAL_CONVERSION = YES;
				CLANG_WARN_OBJC_ROOT_CLASS = YES_ERROR;
				CLANG_WARN_QUOTED_INCLUDE_IN_FRAMEWORK_HEADER = YES;
				CLANG_WARN_RANGE_LOOP_ANALYSIS = YES;
				CLANG_WARN_STRICT_PROTOTYPES = YES;
				CLANG_WARN_SUSPICIOUS_MOVE = YES;
				CLANG_WARN_UNGUARDED_AVAILABILITY = YES_AGGRESSIVE;
				CLANG_WARN_UNREACHABLE_CODE = YES;
				CLANG_WARN__DUPLICATE_METHOD_MATCH = YES;
				COPY_PHASE_STRIP = NO;
				DEBUG_INFORMATION_FORMAT = dwarf;
				DEVELOPMENT_TEAM = 8TC5J5KMXE;
				ENABLE_STRICT_OBJC_MSGSEND = YES;
				ENABLE_TESTABILITY = YES;
				ENABLE_USER_SCRIPT_SANDBOXING = YES;
				GCC_C_LANGUAGE_STANDARD = gnu17;
				GCC_DYNAMIC_NO_PIC = NO;
				GCC_NO_COMMON_BLOCKS = YES;
				GCC_OPTIMIZATION_LEVEL = 0;
				GCC_PREPROCESSOR_DEFINITIONS = (
					"DEBUG=1",
					"$(inherited)",
				);
				GCC_WARN_64_TO_32_BIT_CONVERSION = YES;
				GCC_WARN_ABOUT_RETURN_TYPE = YES_ERROR;
				GCC_WARN_UNDECLARED_SELECTOR = YES;
				GCC_WARN_UNINITIALIZED_AUTOS = YES_AGGRESSIVE;
				GCC_WARN_UNUSED_FUNCTION = YES;
				GCC_WARN_UNUSED_VARIABLE = YES;
				IPHONEOS_DEPLOYMENT_TARGET = 18.2;
				LOCALIZATION_PREFERS_STRING_CATALOGS = YES;
				MTL_ENABLE_DEBUG_INFO = INCLUDE_SOURCE;
				MTL_FAST_MATH = YES;
				ONLY_ACTIVE_ARCH = YES;
				SDKROOT = iphoneos;
				SWIFT_ACTIVE_COMPILATION_CONDITIONS = "DEBUG $(inherited)";
				SWIFT_OPTIMIZATION_LEVEL = "-Onone";
			};
			name = Debug;
		};
		0713ACD22DA29292005F9E07 /* Release */ = {
			isa = XCBuildConfiguration;
			buildSettings = {
				ALWAYS_SEARCH_USER_PATHS = NO;
				ASSETCATALOG_COMPILER_GENERATE_SWIFT_ASSET_SYMBOL_EXTENSIONS = YES;
				CLANG_ANALYZER_LOCALIZABILITY_NONLOCALIZED = YES;
				CLANG_ANALYZER_NONNULL = YES;
				CLANG_ANALYZER_NUMBER_OBJECT_CONVERSION = YES_AGGRESSIVE;
				CLANG_CXX_LANGUAGE_STANDARD = "gnu++20";
				CLANG_ENABLE_MODULES = YES;
				CLANG_ENABLE_OBJC_ARC = YES;
				CLANG_ENABLE_OBJC_WEAK = YES;
				CLANG_WARN_BLOCK_CAPTURE_AUTORELEASING = YES;
				CLANG_WARN_BOOL_CONVERSION = YES;
				CLANG_WARN_COMMA = YES;
				CLANG_WARN_CONSTANT_CONVERSION = YES;
				CLANG_WARN_DEPRECATED_OBJC_IMPLEMENTATIONS = YES;
				CLANG_WARN_DIRECT_OBJC_ISA_USAGE = YES_ERROR;
				CLANG_WARN_DOCUMENTATION_COMMENTS = YES;
				CLANG_WARN_EMPTY_BODY = YES;
				CLANG_WARN_ENUM_CONVERSION = YES;
				CLANG_WARN_INFINITE_RECURSION = YES;
				CLANG_WARN_INT_CONVERSION = YES;
				CLANG_WARN_NON_LITERAL_NULL_CONVERSION = YES;
				CLANG_WARN_OBJC_IMPLICIT_RETAIN_SELF = YES;
				CLANG_WARN_OBJC_LITERAL_CONVERSION = YES;
				CLANG_WARN_OBJC_ROOT_CLASS = YES_ERROR;
				CLANG_WARN_QUOTED_INCLUDE_IN_FRAMEWORK_HEADER = YES;
				CLANG_WARN_RANGE_LOOP_ANALYSIS = YES;
				CLANG_WARN_STRICT_PROTOTYPES = YES;
				CLANG_WARN_SUSPICIOUS_MOVE = YES;
				CLANG_WARN_UNGUARDED_AVAILABILITY = YES_AGGRESSIVE;
				CLANG_WARN_UNREACHABLE_CODE = YES;
				CLANG_WARN__DUPLICATE_METHOD_MATCH = YES;
				COPY_PHASE_STRIP = NO;
				DEBUG_INFORMATION_FORMAT = "dwarf-with-dsym";
				DEVELOPMENT_TEAM = 8TC5J5KMXE;
				ENABLE_NS_ASSERTIONS = NO;
				ENABLE_STRICT_OBJC_MSGSEND = YES;
				ENABLE_USER_SCRIPT_SANDBOXING = YES;
				GCC_C_LANGUAGE_STANDARD = gnu17;
				GCC_NO_COMMON_BLOCKS = YES;
				GCC_WARN_64_TO_32_BIT_CONVERSION = YES;
				GCC_WARN_ABOUT_RETURN_TYPE = YES_ERROR;
				GCC_WARN_UNDECLARED_SELECTOR = YES;
				GCC_WARN_UNINITIALIZED_AUTOS = YES_AGGRESSIVE;
				GCC_WARN_UNUSED_FUNCTION = YES;
				GCC_WARN_UNUSED_VARIABLE = YES;
				IPHONEOS_DEPLOYMENT_TARGET = 18.2;
				LOCALIZATION_PREFERS_STRING_CATALOGS = YES;
				MTL_ENABLE_DEBUG_INFO = NO;
				MTL_FAST_MATH = YES;
				SDKROOT = iphoneos;
				SWIFT_COMPILATION_MODE = wholemodule;
				VALIDATE_PRODUCT = YES;
			};
			name = Release;
		};
		0713ACD42DA29292005F9E07 /* Debug */ = {
			isa = XCBuildConfiguration;
			buildSettings = {
				ASSETCATALOG_COMPILER_APPICON_NAME = AppIcon;
				ASSETCATALOG_COMPILER_GLOBAL_ACCENT_COLOR_NAME = AccentColor;
				CODE_SIGN_STYLE = Automatic;
				CURRENT_PROJECT_VERSION = 1;
				GENERATE_INFOPLIST_FILE = YES;
				INFOPLIST_KEY_UIApplicationSceneManifest_Generation = YES;
				INFOPLIST_KEY_UIApplicationSupportsIndirectInputEvents = YES;
				INFOPLIST_KEY_UILaunchScreen_Generation = YES;
				INFOPLIST_KEY_UISupportedInterfaceOrientations_iPad = "UIInterfaceOrientationPortrait UIInterfaceOrientationPortraitUpsideDown UIInterfaceOrientationLandscapeLeft UIInterfaceOrientationLandscapeRight";
				INFOPLIST_KEY_UISupportedInterfaceOrientations_iPhone = "UIInterfaceOrientationPortrait UIInterfaceOrientationLandscapeLeft UIInterfaceOrientationLandscapeRight";
				LD_RUNPATH_SEARCH_PATHS = (
					"$(inherited)",
					"@executable_path/Frameworks",
				);
				MARKETING_VERSION = 1.0;
				PRODUCT_BUNDLE_IDENTIFIER = gregkaps.TimeToSkill;
				PRODUCT_NAME = "$(TARGET_NAME)";
				SWIFT_EMIT_LOC_STRINGS = YES;
				SWIFT_VERSION = 5.0;
				TARGETED_DEVICE_FAMILY = "1,2";
			};
			name = Debug;
		};
		0713ACD52DA29292005F9E07 /* Release */ = {
			isa = XCBuildConfiguration;
			buildSettings = {
				ASSETCATALOG_COMPILER_APPICON_NAME = AppIcon;
				ASSETCATALOG_COMPILER_GLOBAL_ACCENT_COLOR_NAME = AccentColor;
				CODE_SIGN_STYLE = Automatic;
				CURRENT_PROJECT_VERSION = 1;
				GENERATE_INFOPLIST_FILE = YES;
				INFOPLIST_KEY_UIApplicationSceneManifest_Generation = YES;
				INFOPLIST_KEY_UIApplicationSupportsIndirectInputEvents = YES;
				INFOPLIST_KEY_UILaunchScreen_Generation = YES;
				INFOPLIST_KEY_UISupportedInterfaceOrientations_iPad = "UIInterfaceOrientationPortrait UIInterfaceOrientationPortraitUpsideDown UIInterfaceOrientationLandscapeLeft UIInterfaceOrientationLandscapeRight";
				INFOPLIST_KEY_UISupportedInterfaceOrientations_iPhone = "UIInterfaceOrientationPortrait UIInterfaceOrientationLandscapeLeft UIInterfaceOrientationLandscapeRight";
				LD_RUNPATH_SEARCH_PATHS = (
					"$(inherited)",
					"@executable_path/Frameworks",
				);
				MARKETING_VERSION = 1.0;
				PRODUCT_BUNDLE_IDENTIFIER = gregkaps.TimeToSkill;
				PRODUCT_NAME = "$(TARGET_NAME)";
				SWIFT_EMIT_LOC_STRINGS = YES;
				SWIFT_VERSION = 5.0;
				TARGETED_DEVICE_FAMILY = "1,2";
			};
			name = Release;
		};
		0713ACD72DA29292005F9E07 /* Debug */ = {
			isa = XCBuildConfiguration;
			buildSettings = {
				BUNDLE_LOADER = "$(TEST_HOST)";
				CODE_SIGN_STYLE = Automatic;
				CURRENT_PROJECT_VERSION = 1;
				GENERATE_INFOPLIST_FILE = YES;
				IPHONEOS_DEPLOYMENT_TARGET = 18.2;
				MARKETING_VERSION = 1.0;
				PRODUCT_BUNDLE_IDENTIFIER = gregkaps.TimeToSkillTests;
				PRODUCT_NAME = "$(TARGET_NAME)";
				SWIFT_EMIT_LOC_STRINGS = NO;
				SWIFT_VERSION = 5.0;
				TARGETED_DEVICE_FAMILY = "1,2";
				TEST_HOST = "$(BUILT_PRODUCTS_DIR)/TimeToSkill.app/$(BUNDLE_EXECUTABLE_FOLDER_PATH)/TimeToSkill";
			};
			name = Debug;
		};
		0713ACD82DA29292005F9E07 /* Release */ = {
			isa = XCBuildConfiguration;
			buildSettings = {
				BUNDLE_LOADER = "$(TEST_HOST)";
				CODE_SIGN_STYLE = Automatic;
				CURRENT_PROJECT_VERSION = 1;
				GENERATE_INFOPLIST_FILE = YES;
				IPHONEOS_DEPLOYMENT_TARGET = 18.2;
				MARKETING_VERSION = 1.0;
				PRODUCT_BUNDLE_IDENTIFIER = gregkaps.TimeToSkillTests;
				PRODUCT_NAME = "$(TARGET_NAME)";
				SWIFT_EMIT_LOC_STRINGS = NO;
				SWIFT_VERSION = 5.0;
				TARGETED_DEVICE_FAMILY = "1,2";
				TEST_HOST = "$(BUILT_PRODUCTS_DIR)/TimeToSkill.app/$(BUNDLE_EXECUTABLE_FOLDER_PATH)/TimeToSkill";
			};
			name = Release;
		};
		0713ACDA2DA29292005F9E07 /* Debug */ = {
			isa = XCBuildConfiguration;
			buildSettings = {
				CODE_SIGN_STYLE = Automatic;
				CURRENT_PROJECT_VERSION = 1;
				GENERATE_INFOPLIST_FILE = YES;
				MARKETING_VERSION = 1.0;
				PRODUCT_BUNDLE_IDENTIFIER = gregkaps.TimeToSkillUITests;
				PRODUCT_NAME = "$(TARGET_NAME)";
				SWIFT_EMIT_LOC_STRINGS = NO;
				SWIFT_VERSION = 5.0;
				TARGETED_DEVICE_FAMILY = "1,2";
				TEST_TARGET_NAME = TimeToSkill;
			};
			name = Debug;
		};
		0713ACDB2DA29292005F9E07 /* Release */ = {
			isa = XCBuildConfiguration;
			buildSettings = {
				CODE_SIGN_STYLE = Automatic;
				CURRENT_PROJECT_VERSION = 1;
				GENERATE_INFOPLIST_FILE = YES;
				MARKETING_VERSION = 1.0;
				PRODUCT_BUNDLE_IDENTIFIER = gregkaps.TimeToSkillUITests;
				PRODUCT_NAME = "$(TARGET_NAME)";
				SWIFT_EMIT_LOC_STRINGS = NO;
				SWIFT_VERSION = 5.0;
				TARGETED_DEVICE_FAMILY = "1,2";
				TEST_TARGET_NAME = TimeToSkill;
			};
			name = Release;
		};
/* End XCBuildConfiguration section */

/* Begin XCConfigurationList section */
		0713ACA82DA29289005F9E07 /* Build configuration list for PBXProject "TimeToSkill" */ = {
			isa = XCConfigurationList;
			buildConfigurations = (
				0713ACD12DA29292005F9E07 /* Debug */,
				0713ACD22DA29292005F9E07 /* Release */,
			);
			defaultConfigurationIsVisible = 0;
			defaultConfigurationName = Release;
		};
		0713ACD32DA29292005F9E07 /* Build configuration list for PBXNativeTarget "TimeToSkill" */ = {
			isa = XCConfigurationList;
			buildConfigurations = (
				0713ACD42DA29292005F9E07 /* Debug */,
				0713ACD52DA29292005F9E07 /* Release */,
			);
			defaultConfigurationIsVisible = 0;
			defaultConfigurationName = Release;
		};
		0713ACD62DA29292005F9E07 /* Build configuration list for PBXNativeTarget "TimeToSkillTests" */ = {
			isa = XCConfigurationList;
			buildConfigurations = (
				0713ACD72DA29292005F9E07 /* Debug */,
				0713ACD82DA29292005F9E07 /* Release */,
			);
			defaultConfigurationIsVisible = 0;
			defaultConfigurationName = Release;
		};
		0713ACD92DA29292005F9E07 /* Build configuration list for PBXNativeTarget "TimeToSkillUITests" */ = {
			isa = XCConfigurationList;
			buildConfigurations = (
				0713ACDA2DA29292005F9E07 /* Debug */,
				0713ACDB2DA29292005F9E07 /* Release */,
			);
			defaultConfigurationIsVisible = 0;
			defaultConfigurationName = Release;
		};
/* End XCConfigurationList section */
	};
	rootObject = 0713ACA52DA29289005F9E07 /* Project object */;
}
